
Microsoft Visual Studio Solution File, Format Version 12.00
# Visual Studio 15
VisualStudioVersion = 15.0.26124.0
MinimumVisualStudioVersion = 15.0.26124.0
Project("{FAE04EC0-301F-11D3-BF4B-00C04F79EFBC}") = "Testing.HttpClient", "Testing.HttpClient\Testing.HttpClient.csproj", "{6046C249-8CBF-4C95-8E66-62775FF8F797}"
EndProject
Project("{2150E333-8FDC-42A3-9474-1A3956D46DE8}") = "build", "build", "{700B766B-47C3-4B4C-AD5E-53FC09A11943}"
	ProjectSection(SolutionItems) = preProject
		build\CodeAnalysis.ruleset = build\CodeAnalysis.ruleset
		build\CodeAnalysis.UnitTests.ruleset = build\CodeAnalysis.UnitTests.ruleset
		build\stylecop.json = build\stylecop.json
	EndProjectSection
EndProject
Project("{2150E333-8FDC-42A3-9474-1A3956D46DE8}") = "Solution Items", "Solution Items", "{B20BDD5D-A203-4394-A452-922915AC51E0}"
	ProjectSection(SolutionItems) = preProject
		.gitignore = .gitignore
		Directory.Build.props = Directory.Build.props
		LICENSE = LICENSE
		README.md = README.md
	EndProjectSection
EndProject
Project("{FAE04EC0-301F-11D3-BF4B-00C04F79EFBC}") = "Testing.HttpClient.UnitTests", "Testing.HttpClient.UnitTests\Testing.HttpClient.UnitTests.csproj", "{04A4677A-B82D-4030-845B-081709A2822F}"
EndProject
Global
	GlobalSection(SolutionConfigurationPlatforms) = preSolution
		Debug|Any CPU = Debug|Any CPU
		Debug|x64 = Debug|x64
		Debug|x86 = Debug|x86
		Release|Any CPU = Release|Any CPU
		Release|x64 = Release|x64
		Release|x86 = Release|x86
	EndGlobalSection
	GlobalSection(ProjectConfigurationPlatforms) = postSolution
		{6046C249-8CBF-4C95-8E66-62775FF8F797}.Debug|Any CPU.ActiveCfg = Debug|Any CPU
		{6046C249-8CBF-4C95-8E66-62775FF8F797}.Debug|Any CPU.Build.0 = Debug|Any CPU
		{6046C249-8CBF-4C95-8E66-62775FF8F797}.Debug|x64.ActiveCfg = Debug|Any CPU
		{6046C249-8CBF-4C95-8E66-62775FF8F797}.Debug|x64.Build.0 = Debug|Any CPU
		{6046C249-8CBF-4C95-8E66-62775FF8F797}.Debug|x86.ActiveCfg = Debug|Any CPU
		{6046C249-8CBF-4C95-8E66-62775FF8F797}.Debug|x86.Build.0 = Debug|Any CPU
		{6046C249-8CBF-4C95-8E66-62775FF8F797}.Release|Any CPU.ActiveCfg = Release|Any CPU
		{6046C249-8CBF-4C95-8E66-62775FF8F797}.Release|Any CPU.Build.0 = Release|Any CPU
		{6046C249-8CBF-4C95-8E66-62775FF8F797}.Release|x64.ActiveCfg = Release|Any CPU
		{6046C249-8CBF-4C95-8E66-62775FF8F797}.Release|x64.Build.0 = Release|Any CPU
		{6046C249-8CBF-4C95-8E66-62775FF8F797}.Release|x86.ActiveCfg = Release|Any CPU
		{6046C249-8CBF-4C95-8E66-62775FF8F797}.Release|x86.Build.0 = Release|Any CPU
		{04A4677A-B82D-4030-845B-081709A2822F}.Debug|Any CPU.ActiveCfg = Debug|Any CPU
		{04A4677A-B82D-4030-845B-081709A2822F}.Debug|Any CPU.Build.0 = Debug|Any CPU
		{04A4677A-B82D-4030-845B-081709A2822F}.Debug|x64.ActiveCfg = Debug|Any CPU
		{04A4677A-B82D-4030-845B-081709A2822F}.Debug|x64.Build.0 = Debug|Any CPU
		{04A4677A-B82D-4030-845B-081709A2822F}.Debug|x86.ActiveCfg = Debug|Any CPU
		{04A4677A-B82D-4030-845B-081709A2822F}.Debug|x86.Build.0 = Debug|Any CPU
		{04A4677A-B82D-4030-845B-081709A2822F}.Release|Any CPU.ActiveCfg = Release|Any CPU
		{04A4677A-B82D-4030-845B-081709A2822F}.Release|Any CPU.Build.0 = Release|Any CPU
		{04A4677A-B82D-4030-845B-081709A2822F}.Release|x64.ActiveCfg = Release|Any CPU
		{04A4677A-B82D-4030-845B-081709A2822F}.Release|x64.Build.0 = Release|Any CPU
		{04A4677A-B82D-4030-845B-081709A2822F}.Release|x86.ActiveCfg = Release|Any CPU
		{04A4677A-B82D-4030-845B-081709A2822F}.Release|x86.Build.0 = Release|Any CPU
	EndGlobalSection
	GlobalSection(SolutionProperties) = preSolution
		HideSolutionNode = FALSE
	EndGlobalSection
	GlobalSection(ExtensibilityGlobals) = postSolution
		SolutionGuid = {09FB4EB7-12FE-44A2-8710-E4FB9DED71CF}
	EndGlobalSection
EndGlobal
